
Microsoft Visual Studio Solution File, Format Version 12.00
# Visual Studio Version 17
VisualStudioVersion = 17.14.36705.20 d17.14
MinimumVisualStudioVersion = 10.0.40219.1
Project("{FAE04EC0-301F-11D3-BF4B-00C04F79EFBC}") = "Shop.Api", "Shop.Api\Shop.Api.csproj", "{E4947797-F5EB-4B6D-A9D8-57A84B182127}"
EndProject
Project("{FAE04EC0-301F-11D3-BF4B-00C04F79EFBC}") = "Shop.Contracts", "Shop.Contracts\Shop.Contracts.csproj", "{311C77AE-1296-4EF6-A1A4-69569D3B5C89}"
EndProject
Project("{FAE04EC0-301F-11D3-BF4B-00C04F79EFBC}") = "Shop.Domain", "Shop.Domain\Shop.Domain.csproj", "{6D0518BE-93DB-4AB1-9788-74E4F499D22D}"
EndProject
Project("{FAE04EC0-301F-11D3-BF4B-00C04F79EFBC}") = "Shop.Storage", "Shop.Storage\Shop.Storage.csproj", "{C25C3AB8-68A2-43B0-A8F4-B8C29BC6D905}"
EndProject
Project("{FAE04EC0-301F-11D3-BF4B-00C04F79EFBC}") = "Shop.Services", "Shop.Services\Shop.Services.csproj", "{D19DFB1B-C1F6-4DA6-98CE-BF805EA455BD}"
EndProject
Global
	GlobalSection(SolutionConfigurationPlatforms) = preSolution
		Debug|Any CPU = Debug|Any CPU
		Release|Any CPU = Release|Any CPU
	EndGlobalSection
	GlobalSection(ProjectConfigurationPlatforms) = postSolution
		{E4947797-F5EB-4B6D-A9D8-57A84B182127}.Debug|Any CPU.ActiveCfg = Debug|Any CPU
		{E4947797-F5EB-4B6D-A9D8-57A84B182127}.Debug|Any CPU.Build.0 = Debug|Any CPU
		{E4947797-F5EB-4B6D-A9D8-57A84B182127}.Release|Any CPU.ActiveCfg = Release|Any CPU
		{E4947797-F5EB-4B6D-A9D8-57A84B182127}.Release|Any CPU.Build.0 = Release|Any CPU
		{311C77AE-1296-4EF6-A1A4-69569D3B5C89}.Debug|Any CPU.ActiveCfg = Debug|Any CPU
		{311C77AE-1296-4EF6-A1A4-69569D3B5C89}.Debug|Any CPU.Build.0 = Debug|Any CPU
		{311C77AE-1296-4EF6-A1A4-69569D3B5C89}.Release|Any CPU.ActiveCfg = Release|Any CPU
		{311C77AE-1296-4EF6-A1A4-69569D3B5C89}.Release|Any CPU.Build.0 = Release|Any CPU
		{6D0518BE-93DB-4AB1-9788-74E4F499D22D}.Debug|Any CPU.ActiveCfg = Debug|Any CPU
		{6D0518BE-93DB-4AB1-9788-74E4F499D22D}.Debug|Any CPU.Build.0 = Debug|Any CPU
		{6D0518BE-93DB-4AB1-9788-74E4F499D22D}.Release|Any CPU.ActiveCfg = Release|Any CPU
		{6D0518BE-93DB-4AB1-9788-74E4F499D22D}.Release|Any CPU.Build.0 = Release|Any CPU
		{C25C3AB8-68A2-43B0-A8F4-B8C29BC6D905}.Debug|Any CPU.ActiveCfg = Debug|Any CPU
		{C25C3AB8-68A2-43B0-A8F4-B8C29BC6D905}.Debug|Any CPU.Build.0 = Debug|Any CPU
		{C25C3AB8-68A2-43B0-A8F4-B8C29BC6D905}.Release|Any CPU.ActiveCfg = Release|Any CPU
		{C25C3AB8-68A2-43B0-A8F4-B8C29BC6D905}.Release|Any CPU.Build.0 = Release|Any CPU
		{D19DFB1B-C1F6-4DA6-98CE-BF805EA455BD}.Debug|Any CPU.ActiveCfg = Debug|Any CPU
		{D19DFB1B-C1F6-4DA6-98CE-BF805EA455BD}.Debug|Any CPU.Build.0 = Debug|Any CPU
		{D19DFB1B-C1F6-4DA6-98CE-BF805EA455BD}.Release|Any CPU.ActiveCfg = Release|Any CPU
		{D19DFB1B-C1F6-4DA6-98CE-BF805EA455BD}.Release|Any CPU.Build.0 = Release|Any CPU
	EndGlobalSection
	GlobalSection(SolutionProperties) = preSolution
		HideSolutionNode = FALSE
	EndGlobalSection
	GlobalSection(ExtensibilityGlobals) = postSolution
		SolutionGuid = {908E64E2-EDBE-4861-AFCD-9342431991C5}
	EndGlobalSection
EndGlobal
